// !$*UTF8*$!
{
	archiveVersion = 1;
	classes = {
	};
	objectVersion = 46;
	objects = {

/* Begin PBXBuildFile section */
		1DA848451A47F6D40075E5BB /* GGButton.swift in Sources */ = {isa = PBXBuildFile; fileRef = 1DA848441A47F6D40075E5BB /* GGButton.swift */; };
		1DA848491A4800F70075E5BB /* GamePlayScene.swift in Sources */ = {isa = PBXBuildFile; fileRef = 1DA848481A4800F70075E5BB /* GamePlayScene.swift */; };
		1DA8484B1A4800FC0075E5BB /* GameScene.swift in Sources */ = {isa = PBXBuildFile; fileRef = 1DA8484A1A4800FC0075E5BB /* GameScene.swift */; };
		1DBCE6781A48057E00030B91 /* PlayerNode.swift in Sources */ = {isa = PBXBuildFile; fileRef = 1DBCE6771A48057E00030B91 /* PlayerNode.swift */; };
		1DBCE67A1A480EB700030B91 /* GameOverScene.swift in Sources */ = {isa = PBXBuildFile; fileRef = 1DBCE6791A480EB700030B91 /* GameOverScene.swift */; };
		45A7E9DA1A8C815F0002A76F /* GameKit.framework in Frameworks */ = {isa = PBXBuildFile; fileRef = 45A7E9D91A8C815F0002A76F /* GameKit.framework */; };
		45A7E9DC1A8C82030002A76F /* Multiplayer.swift in Sources */ = {isa = PBXBuildFile; fileRef = 45A7E9DB1A8C82030002A76F /* Multiplayer.swift */; };
		45A7E9DE1A8C82210002A76F /* JoyStick.swift in Sources */ = {isa = PBXBuildFile; fileRef = 45A7E9DD1A8C82210002A76F /* JoyStick.swift */; };
		45A7E9E01A8C82690002A76F /* GameCenterConnector.swift in Sources */ = {isa = PBXBuildFile; fileRef = 45A7E9DF1A8C82690002A76F /* GameCenterConnector.swift */; };
		45A7E9EA1A8C84820002A76F /* CollisionCheck.swift in Sources */ = {isa = PBXBuildFile; fileRef = 45A7E9E91A8C84820002A76F /* CollisionCheck.swift */; };
		98B94DD1DBDB26C6C4520A2F /* libPods.a in Frameworks */ = {isa = PBXBuildFile; fileRef = 860523306E68A93F08F77325 /* libPods.a */; };
		B61467641A408996000C3550 /* AppDelegate.swift in Sources */ = {isa = PBXBuildFile; fileRef = B61467631A408996000C3550 /* AppDelegate.swift */; };
		B614676A1A408996000C3550 /* GameViewController.swift in Sources */ = {isa = PBXBuildFile; fileRef = B61467691A408996000C3550 /* GameViewController.swift */; };
		B614676D1A408996000C3550 /* Main.storyboard in Resources */ = {isa = PBXBuildFile; fileRef = B614676B1A408996000C3550 /* Main.storyboard */; };
		B61467721A408996000C3550 /* LaunchScreen.xib in Resources */ = {isa = PBXBuildFile; fileRef = B61467701A408996000C3550 /* LaunchScreen.xib */; };
		B614677E1A408997000C3550 /* catchRunTests.swift in Sources */ = {isa = PBXBuildFile; fileRef = B614677D1A408997000C3550 /* catchRunTests.swift */; };
		B633371E1AC8417E00D6618A /* GameScene.sks in Resources */ = {isa = PBXBuildFile; fileRef = B633371D1AC8417E00D6618A /* GameScene.sks */; };
		B63337221AC84FB200D6618A /* Images.xcassets in Resources */ = {isa = PBXBuildFile; fileRef = B63337211AC84FB200D6618A /* Images.xcassets */; };
		B63337241AC84FC800D6618A /* player.atlas in Resources */ = {isa = PBXBuildFile; fileRef = B63337231AC84FC800D6618A /* player.atlas */; };
		B63337261AC8534300D6618A /* sci.png in Resources */ = {isa = PBXBuildFile; fileRef = B63337251AC8534300D6618A /* sci.png */; };
		B63D73721A40AFB00069AB50 /* beep.wav in Resources */ = {isa = PBXBuildFile; fileRef = B63D73711A40AFB00069AB50 /* beep.wav */; };
		B63D73761A40B1CA0069AB50 /* AudioController.swift in Sources */ = {isa = PBXBuildFile; fileRef = B63D73751A40B1CA0069AB50 /* AudioController.swift */; };
		B645355A1A452ACC000BBEA3 /* JSTileMap.m in Sources */ = {isa = PBXBuildFile; fileRef = B64535591A452ACC000BBEA3 /* JSTileMap.m */; };
		B645355D1A452AD7000BBEA3 /* LFCGzipUtility.m in Sources */ = {isa = PBXBuildFile; fileRef = B645355C1A452AD7000BBEA3 /* LFCGzipUtility.m */; };
		B645355F1A452B5C000BBEA3 /* libz.dylib in Frameworks */ = {isa = PBXBuildFile; fileRef = B645355E1A452B5C000BBEA3 /* libz.dylib */; };
		B64535611A453220000BBEA3 /* map.tmx in Resources */ = {isa = PBXBuildFile; fileRef = B64535601A453220000BBEA3 /* map.tmx */; };
		B68DB2401A40AB6E008DA27D /* bgm.mp3 in Resources */ = {isa = PBXBuildFile; fileRef = B68DB23F1A40AB6E008DA27D /* bgm.mp3 */; };
/* End PBXBuildFile section */

/* Begin PBXContainerItemProxy section */
		B61467781A408997000C3550 /* PBXContainerItemProxy */ = {
			isa = PBXContainerItemProxy;
			containerPortal = B61467561A408996000C3550 /* Project object */;
			proxyType = 1;
			remoteGlobalIDString = B614675D1A408996000C3550;
			remoteInfo = catchRun;
		};
/* End PBXContainerItemProxy section */

/* Begin PBXFileReference section */
		1C0ACBA4A3EB85FCB54AE90C /* Pods.release.xcconfig */ = {isa = PBXFileReference; includeInIndex = 1; lastKnownFileType = text.xcconfig; name = Pods.release.xcconfig; path = "Pods/Target Support Files/Pods/Pods.release.xcconfig"; sourceTree = "<group>"; };
		1DA848441A47F6D40075E5BB /* GGButton.swift */ = {isa = PBXFileReference; fileEncoding = 4; lastKnownFileType = sourcecode.swift; path = GGButton.swift; sourceTree = "<group>"; };
		1DA848481A4800F70075E5BB /* GamePlayScene.swift */ = {isa = PBXFileReference; fileEncoding = 4; lastKnownFileType = sourcecode.swift; path = GamePlayScene.swift; sourceTree = "<group>"; };
		1DA8484A1A4800FC0075E5BB /* GameScene.swift */ = {isa = PBXFileReference; fileEncoding = 4; lastKnownFileType = sourcecode.swift; path = GameScene.swift; sourceTree = "<group>"; };
		1DBCE6771A48057E00030B91 /* PlayerNode.swift */ = {isa = PBXFileReference; fileEncoding = 4; lastKnownFileType = sourcecode.swift; path = PlayerNode.swift; sourceTree = "<group>"; };
		1DBCE6791A480EB700030B91 /* GameOverScene.swift */ = {isa = PBXFileReference; fileEncoding = 4; lastKnownFileType = sourcecode.swift; path = GameOverScene.swift; sourceTree = "<group>"; };
		45A7E9D91A8C815F0002A76F /* GameKit.framework */ = {isa = PBXFileReference; lastKnownFileType = wrapper.framework; name = GameKit.framework; path = System/Library/Frameworks/GameKit.framework; sourceTree = SDKROOT; };
		45A7E9DB1A8C82030002A76F /* Multiplayer.swift */ = {isa = PBXFileReference; fileEncoding = 4; lastKnownFileType = sourcecode.swift; path = Multiplayer.swift; sourceTree = "<group>"; };
		45A7E9DD1A8C82210002A76F /* JoyStick.swift */ = {isa = PBXFileReference; fileEncoding = 4; lastKnownFileType = sourcecode.swift; path = JoyStick.swift; sourceTree = "<group>"; };
		45A7E9DF1A8C82690002A76F /* GameCenterConnector.swift */ = {isa = PBXFileReference; fileEncoding = 4; lastKnownFileType = sourcecode.swift; path = GameCenterConnector.swift; sourceTree = "<group>"; };
		45A7E9E91A8C84820002A76F /* CollisionCheck.swift */ = {isa = PBXFileReference; fileEncoding = 4; lastKnownFileType = sourcecode.swift; path = CollisionCheck.swift; sourceTree = "<group>"; };
		860523306E68A93F08F77325 /* libPods.a */ = {isa = PBXFileReference; explicitFileType = archive.ar; includeInIndex = 0; path = libPods.a; sourceTree = BUILT_PRODUCTS_DIR; };
		B614675E1A408996000C3550 /* catchRun.app */ = {isa = PBXFileReference; explicitFileType = wrapper.application; includeInIndex = 0; path = catchRun.app; sourceTree = BUILT_PRODUCTS_DIR; };
		B61467621A408996000C3550 /* Info.plist */ = {isa = PBXFileReference; lastKnownFileType = text.plist.xml; path = Info.plist; sourceTree = "<group>"; };
		B61467631A408996000C3550 /* AppDelegate.swift */ = {isa = PBXFileReference; lastKnownFileType = sourcecode.swift; path = AppDelegate.swift; sourceTree = "<group>"; };
		B61467691A408996000C3550 /* GameViewController.swift */ = {isa = PBXFileReference; lastKnownFileType = sourcecode.swift; path = GameViewController.swift; sourceTree = "<group>"; };
		B614676C1A408996000C3550 /* Base */ = {isa = PBXFileReference; lastKnownFileType = file.storyboard; name = Base; path = Base.lproj/Main.storyboard; sourceTree = "<group>"; };
		B61467711A408996000C3550 /* Base */ = {isa = PBXFileReference; lastKnownFileType = file.xib; name = Base; path = Base.lproj/LaunchScreen.xib; sourceTree = "<group>"; };
		B61467771A408997000C3550 /* catchRunTests.xctest */ = {isa = PBXFileReference; explicitFileType = wrapper.cfbundle; includeInIndex = 0; path = catchRunTests.xctest; sourceTree = BUILT_PRODUCTS_DIR; };
		B614677C1A408997000C3550 /* Info.plist */ = {isa = PBXFileReference; lastKnownFileType = text.plist.xml; path = Info.plist; sourceTree = "<group>"; };
		B614677D1A408997000C3550 /* catchRunTests.swift */ = {isa = PBXFileReference; lastKnownFileType = sourcecode.swift; path = catchRunTests.swift; sourceTree = "<group>"; };
		B633371D1AC8417E00D6618A /* GameScene.sks */ = {isa = PBXFileReference; lastKnownFileType = file.sks; path = GameScene.sks; sourceTree = "<group>"; };
		B63337211AC84FB200D6618A /* Images.xcassets */ = {isa = PBXFileReference; lastKnownFileType = folder.assetcatalog; path = Images.xcassets; sourceTree = "<group>"; };
		B63337231AC84FC800D6618A /* player.atlas */ = {isa = PBXFileReference; lastKnownFileType = folder.skatlas; name = player.atlas; path = Images.xcassets/player.atlas; sourceTree = "<group>"; };
		B63337251AC8534300D6618A /* sci.png */ = {isa = PBXFileReference; lastKnownFileType = image.png; name = sci.png; path = Images.xcassets/sci.imageset/sci.png; sourceTree = "<group>"; };
		B63D73711A40AFB00069AB50 /* beep.wav */ = {isa = PBXFileReference; lastKnownFileType = audio.wav; path = beep.wav; sourceTree = "<group>"; };
		B63D73751A40B1CA0069AB50 /* AudioController.swift */ = {isa = PBXFileReference; fileEncoding = 4; lastKnownFileType = sourcecode.swift; path = AudioController.swift; sourceTree = "<group>"; };
		B64535581A452ACC000BBEA3 /* JSTileMap.h */ = {isa = PBXFileReference; fileEncoding = 4; lastKnownFileType = sourcecode.c.h; path = JSTileMap.h; sourceTree = "<group>"; };
		B64535591A452ACC000BBEA3 /* JSTileMap.m */ = {isa = PBXFileReference; fileEncoding = 4; lastKnownFileType = sourcecode.c.objc; path = JSTileMap.m; sourceTree = "<group>"; };
		B645355B1A452AD7000BBEA3 /* LFCGzipUtility.h */ = {isa = PBXFileReference; fileEncoding = 4; lastKnownFileType = sourcecode.c.h; path = LFCGzipUtility.h; sourceTree = "<group>"; };
		B645355C1A452AD7000BBEA3 /* LFCGzipUtility.m */ = {isa = PBXFileReference; fileEncoding = 4; lastKnownFileType = sourcecode.c.objc; path = LFCGzipUtility.m; sourceTree = "<group>"; };
		B645355E1A452B5C000BBEA3 /* libz.dylib */ = {isa = PBXFileReference; lastKnownFileType = "compiled.mach-o.dylib"; name = libz.dylib; path = usr/lib/libz.dylib; sourceTree = SDKROOT; };
		B64535601A453220000BBEA3 /* map.tmx */ = {isa = PBXFileReference; fileEncoding = 4; lastKnownFileType = text.xml; path = map.tmx; sourceTree = "<group>"; };
		B68DB23D1A409AD5008DA27D /* catchRun-Bridging-Header.h */ = {isa = PBXFileReference; lastKnownFileType = sourcecode.c.h; path = "catchRun-Bridging-Header.h"; sourceTree = "<group>"; };
		B68DB23F1A40AB6E008DA27D /* bgm.mp3 */ = {isa = PBXFileReference; lastKnownFileType = audio.mp3; path = bgm.mp3; sourceTree = "<group>"; };
		CB8FCD7CC1197BCA4C452E2F /* Pods.debug.xcconfig */ = {isa = PBXFileReference; includeInIndex = 1; lastKnownFileType = text.xcconfig; name = Pods.debug.xcconfig; path = "Pods/Target Support Files/Pods/Pods.debug.xcconfig"; sourceTree = "<group>"; };
/* End PBXFileReference section */

/* Begin PBXFrameworksBuildPhase section */
		B614675B1A408996000C3550 /* Frameworks */ = {
			isa = PBXFrameworksBuildPhase;
			buildActionMask = 2147483647;
			files = (
				45A7E9DA1A8C815F0002A76F /* GameKit.framework in Frameworks */,
				B645355F1A452B5C000BBEA3 /* libz.dylib in Frameworks */,
				98B94DD1DBDB26C6C4520A2F /* libPods.a in Frameworks */,
			);
			runOnlyForDeploymentPostprocessing = 0;
		};
		B61467741A408997000C3550 /* Frameworks */ = {
			isa = PBXFrameworksBuildPhase;
			buildActionMask = 2147483647;
			files = (
			);
			runOnlyForDeploymentPostprocessing = 0;
		};
/* End PBXFrameworksBuildPhase section */

/* Begin PBXGroup section */
		0A0C90B75F6D62D159103D61 /* Frameworks */ = {
			isa = PBXGroup;
			children = (
				45A7E9D91A8C815F0002A76F /* GameKit.framework */,
				B645355E1A452B5C000BBEA3 /* libz.dylib */,
				860523306E68A93F08F77325 /* libPods.a */,
			);
			name = Frameworks;
			sourceTree = "<group>";
		};
		7DB300BD064202F87454C832 /* Pods */ = {
			isa = PBXGroup;
			children = (
				CB8FCD7CC1197BCA4C452E2F /* Pods.debug.xcconfig */,
				1C0ACBA4A3EB85FCB54AE90C /* Pods.release.xcconfig */,
			);
			name = Pods;
			sourceTree = "<group>";
		};
		B6013C791ABCA38900D71039 /* Networking */ = {
			isa = PBXGroup;
			children = (
				45A7E9DF1A8C82690002A76F /* GameCenterConnector.swift */,
				45A7E9DB1A8C82030002A76F /* Multiplayer.swift */,
			);
			name = Networking;
			sourceTree = "<group>";
		};
		B6013C7A1ABCA4DB00D71039 /* Views */ = {
			isa = PBXGroup;
			children = (
				B61467701A408996000C3550 /* LaunchScreen.xib */,
				B614676B1A408996000C3550 /* Main.storyboard */,
				1DA848441A47F6D40075E5BB /* GGButton.swift */,
			);
			name = Views;
			sourceTree = "<group>";
		};
		B6013C7B1ABCA4F900D71039 /* Controllers */ = {
			isa = PBXGroup;
			children = (
				B61467691A408996000C3550 /* GameViewController.swift */,
			);
			name = Controllers;
			sourceTree = "<group>";
		};
		B6013C7C1ABCA53000D71039 /* Physics */ = {
			isa = PBXGroup;
			children = (
				45A7E9E91A8C84820002A76F /* CollisionCheck.swift */,
			);
			name = Physics;
			sourceTree = "<group>";
		};
		B6013C7D1ABCA53B00D71039 /* Control */ = {
			isa = PBXGroup;
			children = (
				45A7E9DD1A8C82210002A76F /* JoyStick.swift */,
			);
			name = Control;
			sourceTree = "<group>";
		};
		B6013C7E1ABCA55F00D71039 /* Models */ = {
			isa = PBXGroup;
			children = (
				1DBCE6771A48057E00030B91 /* PlayerNode.swift */,
			);
			name = Models;
			sourceTree = "<group>";
		};
		B6013C7F1ABCA61100D71039 /* Maps */ = {
			isa = PBXGroup;
			children = (
				B645355B1A452AD7000BBEA3 /* LFCGzipUtility.h */,
				B645355C1A452AD7000BBEA3 /* LFCGzipUtility.m */,
				B64535581A452ACC000BBEA3 /* JSTileMap.h */,
				B64535591A452ACC000BBEA3 /* JSTileMap.m */,
				B64535601A453220000BBEA3 /* map.tmx */,
				B63337251AC8534300D6618A /* sci.png */,
			);
			name = Maps;
			sourceTree = "<group>";
		};
		B6013C801ABCA68200D71039 /* Utilities */ = {
			isa = PBXGroup;
			children = (
				B63D73751A40B1CA0069AB50 /* AudioController.swift */,
			);
			name = Utilities;
			sourceTree = "<group>";
		};
		B61467551A408996000C3550 = {
			isa = PBXGroup;
			children = (
				B61467601A408996000C3550 /* catchRun */,
				B614677A1A408997000C3550 /* catchRunTests */,
				B614675F1A408996000C3550 /* Products */,
				7DB300BD064202F87454C832 /* Pods */,
				0A0C90B75F6D62D159103D61 /* Frameworks */,
			);
			sourceTree = "<group>";
		};
		B614675F1A408996000C3550 /* Products */ = {
			isa = PBXGroup;
			children = (
				B614675E1A408996000C3550 /* catchRun.app */,
				B61467771A408997000C3550 /* catchRunTests.xctest */,
			);
			name = Products;
			sourceTree = "<group>";
		};
		B61467601A408996000C3550 /* catchRun */ = {
			isa = PBXGroup;
			children = (
				B6013C7E1ABCA55F00D71039 /* Models */,
				B6013C7A1ABCA4DB00D71039 /* Views */,
				B6013C7B1ABCA4F900D71039 /* Controllers */,
				B6013C7D1ABCA53B00D71039 /* Control */,
				B6013C7C1ABCA53000D71039 /* Physics */,
				B6013C791ABCA38900D71039 /* Networking */,
				B6013C801ABCA68200D71039 /* Utilities */,
				1DA8484A1A4800FC0075E5BB /* GameScene.swift */,
				1DA848481A4800F70075E5BB /* GamePlayScene.swift */,
				1DBCE6791A480EB700030B91 /* GameOverScene.swift */,
				B6013C7F1ABCA61100D71039 /* Maps */,
				B68DB23E1A40AB57008DA27D /* Sound */,
				B61467611A408996000C3550 /* Supporting Files */,
				B63337211AC84FB200D6618A /* Images.xcassets */,
				B63337231AC84FC800D6618A /* player.atlas */,
				B61467631A408996000C3550 /* AppDelegate.swift */,
				B633371D1AC8417E00D6618A /* GameScene.sks */,
			);
			path = catchRun;
			sourceTree = "<group>";
		};
		B61467611A408996000C3550 /* Supporting Files */ = {
			isa = PBXGroup;
			children = (
				B68DB23D1A409AD5008DA27D /* catchRun-Bridging-Header.h */,
				B61467621A408996000C3550 /* Info.plist */,
			);
			name = "Supporting Files";
			sourceTree = "<group>";
		};
		B614677A1A408997000C3550 /* catchRunTests */ = {
			isa = PBXGroup;
			children = (
				B614677D1A408997000C3550 /* catchRunTests.swift */,
				B614677B1A408997000C3550 /* Supporting Files */,
			);
			path = catchRunTests;
			sourceTree = "<group>";
		};
		B614677B1A408997000C3550 /* Supporting Files */ = {
			isa = PBXGroup;
			children = (
				B614677C1A408997000C3550 /* Info.plist */,
			);
			name = "Supporting Files";
			sourceTree = "<group>";
		};
		B68DB23E1A40AB57008DA27D /* Sound */ = {
			isa = PBXGroup;
			children = (
				B68DB23F1A40AB6E008DA27D /* bgm.mp3 */,
				B63D73711A40AFB00069AB50 /* beep.wav */,
			);
			name = Sound;
			sourceTree = "<group>";
		};
/* End PBXGroup section */

/* Begin PBXNativeTarget section */
		B614675D1A408996000C3550 /* catchRun */ = {
			isa = PBXNativeTarget;
			buildConfigurationList = B61467811A408997000C3550 /* Build configuration list for PBXNativeTarget "catchRun" */;
			buildPhases = (
				D21A7A0E9878A3096D74051F /* Check Pods Manifest.lock */,
				B614675A1A408996000C3550 /* Sources */,
				B614675B1A408996000C3550 /* Frameworks */,
				B614675C1A408996000C3550 /* Resources */,
				62E6C89F1F628CFB1D5FE001 /* Copy Pods Resources */,
			);
			buildRules = (
			);
			dependencies = (
			);
			name = catchRun;
			productName = catchRun;
			productReference = B614675E1A408996000C3550 /* catchRun.app */;
			productType = "com.apple.product-type.application";
		};
		B61467761A408997000C3550 /* catchRunTests */ = {
			isa = PBXNativeTarget;
			buildConfigurationList = B61467841A408997000C3550 /* Build configuration list for PBXNativeTarget "catchRunTests" */;
			buildPhases = (
				B61467731A408997000C3550 /* Sources */,
				B61467741A408997000C3550 /* Frameworks */,
				B61467751A408997000C3550 /* Resources */,
			);
			buildRules = (
			);
			dependencies = (
				B61467791A408997000C3550 /* PBXTargetDependency */,
			);
			name = catchRunTests;
			productName = catchRunTests;
			productReference = B61467771A408997000C3550 /* catchRunTests.xctest */;
			productType = "com.apple.product-type.bundle.unit-test";
		};
/* End PBXNativeTarget section */

/* Begin PBXProject section */
		B61467561A408996000C3550 /* Project object */ = {
			isa = PBXProject;
			attributes = {
				LastUpgradeCheck = 0610;
				ORGANIZATIONNAME = LUSS;
				TargetAttributes = {
					B614675D1A408996000C3550 = {
						CreatedOnToolsVersion = 6.1.1;
						DevelopmentTeam = ETU837U9KS;
						SystemCapabilities = {
							com.apple.GameCenter = {
								enabled = 1;
							};
						};
					};
					B61467761A408997000C3550 = {
						CreatedOnToolsVersion = 6.1.1;
						TestTargetID = B614675D1A408996000C3550;
					};
				};
			};
			buildConfigurationList = B61467591A408996000C3550 /* Build configuration list for PBXProject "catchRun" */;
			compatibilityVersion = "Xcode 3.2";
			developmentRegion = English;
			hasScannedForEncodings = 0;
			knownRegions = (
				en,
				Base,
			);
			mainGroup = B61467551A408996000C3550;
			productRefGroup = B614675F1A408996000C3550 /* Products */;
			projectDirPath = "";
			projectRoot = "";
			targets = (
				B614675D1A408996000C3550 /* catchRun */,
				B61467761A408997000C3550 /* catchRunTests */,
			);
		};
/* End PBXProject section */

/* Begin PBXResourcesBuildPhase section */
		B614675C1A408996000C3550 /* Resources */ = {
			isa = PBXResourcesBuildPhase;
			buildActionMask = 2147483647;
			files = (
				B63337261AC8534300D6618A /* sci.png in Resources */,
				B63D73721A40AFB00069AB50 /* beep.wav in Resources */,
				B61467721A408996000C3550 /* LaunchScreen.xib in Resources */,
				B63337221AC84FB200D6618A /* Images.xcassets in Resources */,
				B64535611A453220000BBEA3 /* map.tmx in Resources */,
				B63337241AC84FC800D6618A /* player.atlas in Resources */,
				B614676D1A408996000C3550 /* Main.storyboard in Resources */,
				B633371E1AC8417E00D6618A /* GameScene.sks in Resources */,
				B68DB2401A40AB6E008DA27D /* bgm.mp3 in Resources */,
			);
			runOnlyForDeploymentPostprocessing = 0;
		};
		B61467751A408997000C3550 /* Resources */ = {
			isa = PBXResourcesBuildPhase;
			buildActionMask = 2147483647;
			files = (
			);
			runOnlyForDeploymentPostprocessing = 0;
		};
/* End PBXResourcesBuildPhase section */

/* Begin PBXShellScriptBuildPhase section */
		62E6C89F1F628CFB1D5FE001 /* Copy Pods Resources */ = {
			isa = PBXShellScriptBuildPhase;
			buildActionMask = 2147483647;
			files = (
			);
			inputPaths = (
			);
			name = "Copy Pods Resources";
			outputPaths = (
			);
			runOnlyForDeploymentPostprocessing = 0;
			shellPath = /bin/sh;
			shellScript = "\"${SRCROOT}/Pods/Target Support Files/Pods/Pods-resources.sh\"\n";
			showEnvVarsInLog = 0;
		};
		D21A7A0E9878A3096D74051F /* Check Pods Manifest.lock */ = {
			isa = PBXShellScriptBuildPhase;
			buildActionMask = 2147483647;
			files = (
			);
			inputPaths = (
			);
			name = "Check Pods Manifest.lock";
			outputPaths = (
			);
			runOnlyForDeploymentPostprocessing = 0;
			shellPath = /bin/sh;
			shellScript = "diff \"${PODS_ROOT}/../Podfile.lock\" \"${PODS_ROOT}/Manifest.lock\" > /dev/null\nif [[ $? != 0 ]] ; then\n    cat << EOM\nerror: The sandbox is not in sync with the Podfile.lock. Run 'pod install' or update your CocoaPods installation.\nEOM\n    exit 1\nfi\n";
			showEnvVarsInLog = 0;
		};
/* End PBXShellScriptBuildPhase section */

/* Begin PBXSourcesBuildPhase section */
		B614675A1A408996000C3550 /* Sources */ = {
			isa = PBXSourcesBuildPhase;
			buildActionMask = 2147483647;
			files = (
				45A7E9DC1A8C82030002A76F /* Multiplayer.swift in Sources */,
				1DBCE67A1A480EB700030B91 /* GameOverScene.swift in Sources */,
				1DA848491A4800F70075E5BB /* GamePlayScene.swift in Sources */,
				1DA848451A47F6D40075E5BB /* GGButton.swift in Sources */,
				1DBCE6781A48057E00030B91 /* PlayerNode.swift in Sources */,
				1DA8484B1A4800FC0075E5BB /* GameScene.swift in Sources */,
				B645355A1A452ACC000BBEA3 /* JSTileMap.m in Sources */,
				45A7E9DE1A8C82210002A76F /* JoyStick.swift in Sources */,
				B63D73761A40B1CA0069AB50 /* AudioController.swift in Sources */,
				45A7E9EA1A8C84820002A76F /* CollisionCheck.swift in Sources */,
				45A7E9E01A8C82690002A76F /* GameCenterConnector.swift in Sources */,
				B614676A1A408996000C3550 /* GameViewController.swift in Sources */,
				B645355D1A452AD7000BBEA3 /* LFCGzipUtility.m in Sources */,
				B61467641A408996000C3550 /* AppDelegate.swift in Sources */,
			);
			runOnlyForDeploymentPostprocessing = 0;
		};
		B61467731A408997000C3550 /* Sources */ = {
			isa = PBXSourcesBuildPhase;
			buildActionMask = 2147483647;
			files = (
				B614677E1A408997000C3550 /* catchRunTests.swift in Sources */,
			);
			runOnlyForDeploymentPostprocessing = 0;
		};
/* End PBXSourcesBuildPhase section */

/* Begin PBXTargetDependency section */
		B61467791A408997000C3550 /* PBXTargetDependency */ = {
			isa = PBXTargetDependency;
			target = B614675D1A408996000C3550 /* catchRun */;
			targetProxy = B61467781A408997000C3550 /* PBXContainerItemProxy */;
		};
/* End PBXTargetDependency section */

/* Begin PBXVariantGroup section */
		B614676B1A408996000C3550 /* Main.storyboard */ = {
			isa = PBXVariantGroup;
			children = (
				B614676C1A408996000C3550 /* Base */,
			);
			name = Main.storyboard;
			sourceTree = "<group>";
		};
		B61467701A408996000C3550 /* LaunchScreen.xib */ = {
			isa = PBXVariantGroup;
			children = (
				B61467711A408996000C3550 /* Base */,
			);
			name = LaunchScreen.xib;
			sourceTree = "<group>";
		};
/* End PBXVariantGroup section */

/* Begin XCBuildConfiguration section */
		B614677F1A408997000C3550 /* Debug */ = {
			isa = XCBuildConfiguration;
			buildSettings = {
				ALWAYS_SEARCH_USER_PATHS = NO;
				CLANG_CXX_LANGUAGE_STANDARD = "gnu++0x";
				CLANG_CXX_LIBRARY = "libc++";
				CLANG_ENABLE_MODULES = YES;
				CLANG_ENABLE_OBJC_ARC = YES;
				CLANG_WARN_BOOL_CONVERSION = YES;
				CLANG_WARN_CONSTANT_CONVERSION = YES;
				CLANG_WARN_DIRECT_OBJC_ISA_USAGE = YES_ERROR;
				CLANG_WARN_EMPTY_BODY = YES;
				CLANG_WARN_ENUM_CONVERSION = YES;
				CLANG_WARN_INT_CONVERSION = YES;
				CLANG_WARN_OBJC_ROOT_CLASS = YES_ERROR;
				CLANG_WARN_UNREACHABLE_CODE = YES;
				CLANG_WARN__DUPLICATE_METHOD_MATCH = YES;
				"CODE_SIGN_IDENTITY[sdk=iphoneos*]" = "iPhone Developer";
				COPY_PHASE_STRIP = NO;
				ENABLE_STRICT_OBJC_MSGSEND = YES;
				GCC_C_LANGUAGE_STANDARD = gnu99;
				GCC_DYNAMIC_NO_PIC = NO;
				GCC_OPTIMIZATION_LEVEL = 0;
				GCC_PREPROCESSOR_DEFINITIONS = (
					"DEBUG=1",
					"$(inherited)",
				);
				GCC_SYMBOLS_PRIVATE_EXTERN = NO;
				GCC_WARN_64_TO_32_BIT_CONVERSION = YES;
				GCC_WARN_ABOUT_RETURN_TYPE = YES_ERROR;
				GCC_WARN_UNDECLARED_SELECTOR = YES;
				GCC_WARN_UNINITIALIZED_AUTOS = YES_AGGRESSIVE;
				GCC_WARN_UNUSED_FUNCTION = YES;
				GCC_WARN_UNUSED_VARIABLE = YES;
				IPHONEOS_DEPLOYMENT_TARGET = 8.1;
				MTL_ENABLE_DEBUG_INFO = YES;
				ONLY_ACTIVE_ARCH = YES;
				SDKROOT = iphoneos;
				SWIFT_OPTIMIZATION_LEVEL = "-Onone";
				TARGETED_DEVICE_FAMILY = 2;
			};
			name = Debug;
		};
		B61467801A408997000C3550 /* Release */ = {
			isa = XCBuildConfiguration;
			buildSettings = {
				ALWAYS_SEARCH_USER_PATHS = NO;
				CLANG_CXX_LANGUAGE_STANDARD = "gnu++0x";
				CLANG_CXX_LIBRARY = "libc++";
				CLANG_ENABLE_MODULES = YES;
				CLANG_ENABLE_OBJC_ARC = YES;
				CLANG_WARN_BOOL_CONVERSION = YES;
				CLANG_WARN_CONSTANT_CONVERSION = YES;
				CLANG_WARN_DIRECT_OBJC_ISA_USAGE = YES_ERROR;
				CLANG_WARN_EMPTY_BODY = YES;
				CLANG_WARN_ENUM_CONVERSION = YES;
				CLANG_WARN_INT_CONVERSION = YES;
				CLANG_WARN_OBJC_ROOT_CLASS = YES_ERROR;
				CLANG_WARN_UNREACHABLE_CODE = YES;
				CLANG_WARN__DUPLICATE_METHOD_MATCH = YES;
				"CODE_SIGN_IDENTITY[sdk=iphoneos*]" = "iPhone Developer";
				COPY_PHASE_STRIP = YES;
				ENABLE_NS_ASSERTIONS = NO;
				ENABLE_STRICT_OBJC_MSGSEND = YES;
				GCC_C_LANGUAGE_STANDARD = gnu99;
				GCC_WARN_64_TO_32_BIT_CONVERSION = YES;
				GCC_WARN_ABOUT_RETURN_TYPE = YES_ERROR;
				GCC_WARN_UNDECLARED_SELECTOR = YES;
				GCC_WARN_UNINITIALIZED_AUTOS = YES_AGGRESSIVE;
				GCC_WARN_UNUSED_FUNCTION = YES;
				GCC_WARN_UNUSED_VARIABLE = YES;
				IPHONEOS_DEPLOYMENT_TARGET = 8.1;
				MTL_ENABLE_DEBUG_INFO = NO;
				SDKROOT = iphoneos;
				TARGETED_DEVICE_FAMILY = 2;
				VALIDATE_PRODUCT = YES;
			};
			name = Release;
		};
		B61467821A408997000C3550 /* Debug */ = {
			isa = XCBuildConfiguration;
			baseConfigurationReference = CB8FCD7CC1197BCA4C452E2F /* Pods.debug.xcconfig */;
			buildSettings = {
				ASSETCATALOG_COMPILER_APPICON_NAME = AppIcon;
				ASSETCATALOG_COMPILER_LAUNCHIMAGE_NAME = LaunchImage;
				CODE_SIGN_IDENTITY = "iPhone Developer";
				"CODE_SIGN_IDENTITY[sdk=iphoneos*]" = "iPhone Developer";
				INFOPLIST_FILE = catchRun/Info.plist;
				LD_RUNPATH_SEARCH_PATHS = "$(inherited) @executable_path/Frameworks";
				LIBRARY_SEARCH_PATHS = (
					"$(inherited)",
					"$(PROJECT_DIR)/Pods/Google-Mobile-Ads-SDK/GoogleMobileAdsSdkiOS-6.12.2",
				);
				PRODUCT_NAME = "$(TARGET_NAME)";
				PROVISIONING_PROFILE = "";
				SWIFT_OBJC_BRIDGING_HEADER = "$(SRCROOT)/$(PROJECT)/catchRun-Bridging-Header.h";
			};
			name = Debug;
		};
		B61467831A408997000C3550 /* Release */ = {
			isa = XCBuildConfiguration;
			baseConfigurationReference = 1C0ACBA4A3EB85FCB54AE90C /* Pods.release.xcconfig */;
			buildSettings = {
				ASSETCATALOG_COMPILER_APPICON_NAME = AppIcon;
				ASSETCATALOG_COMPILER_LAUNCHIMAGE_NAME = LaunchImage;
				CODE_SIGN_IDENTITY = "iPhone Developer";
				"CODE_SIGN_IDENTITY[sdk=iphoneos*]" = "iPhone Developer";
				INFOPLIST_FILE = catchRun/Info.plist;
				LD_RUNPATH_SEARCH_PATHS = "$(inherited) @executable_path/Frameworks";
				LIBRARY_SEARCH_PATHS = (
					"$(inherited)",
					"$(PROJECT_DIR)/Pods/Google-Mobile-Ads-SDK/GoogleMobileAdsSdkiOS-6.12.2",
				);
				PRODUCT_NAME = "$(TARGET_NAME)";
				PROVISIONING_PROFILE = "";
				SWIFT_OBJC_BRIDGING_HEADER = "$(SRCROOT)/$(PROJECT)/catchRun-Bridging-Header.h";
			};
			name = Release;
		};
		B61467851A408997000C3550 /* Debug */ = {
			isa = XCBuildConfiguration;
			buildSettings = {
				BUNDLE_LOADER = "$(TEST_HOST)";
				FRAMEWORK_SEARCH_PATHS = (
					"$(SDKROOT)/Developer/Library/Frameworks",
					"$(inherited)",
				);
				GCC_PREPROCESSOR_DEFINITIONS = (
					"DEBUG=1",
					"$(inherited)",
				);
				INFOPLIST_FILE = catchRunTests/Info.plist;
				LD_RUNPATH_SEARCH_PATHS = "$(inherited) @executable_path/Frameworks @loader_path/Frameworks";
				PRODUCT_NAME = "$(TARGET_NAME)";
				TEST_HOST = "$(BUILT_PRODUCTS_DIR)/catchRun.app/catchRun";
			};
			name = Debug;
		};
		B61467861A408997000C3550 /* Release */ = {
			isa = XCBuildConfiguration;
			buildSettings = {
				BUNDLE_LOADER = "$(TEST_HOST)";
				FRAMEWORK_SEARCH_PATHS = (
					"$(SDKROOT)/Developer/Library/Frameworks",
					"$(inherited)",
				);
				INFOPLIST_FILE = catchRunTests/Info.plist;
				LD_RUNPATH_SEARCH_PATHS = "$(inherited) @executable_path/Frameworks @loader_path/Frameworks";
				PRODUCT_NAME = "$(TARGET_NAME)";
				TEST_HOST = "$(BUILT_PRODUCTS_DIR)/catchRun.app/catchRun";
			};
			name = Release;
		};
/* End XCBuildConfiguration section */

/* Begin XCConfigurationList section */
		B61467591A408996000C3550 /* Build configuration list for PBXProject "catchRun" */ = {
			isa = XCConfigurationList;
			buildConfigurations = (
				B614677F1A408997000C3550 /* Debug */,
				B61467801A408997000C3550 /* Release */,
			);
			defaultConfigurationIsVisible = 0;
			defaultConfigurationName = Release;
		};
		B61467811A408997000C3550 /* Build configuration list for PBXNativeTarget "catchRun" */ = {
			isa = XCConfigurationList;
			buildConfigurations = (
				B61467821A408997000C3550 /* Debug */,
				B61467831A408997000C3550 /* Release */,
			);
			defaultConfigurationIsVisible = 0;
			defaultConfigurationName = Release;
		};
		B61467841A408997000C3550 /* Build configuration list for PBXNativeTarget "catchRunTests" */ = {
			isa = XCConfigurationList;
			buildConfigurations = (
				B61467851A408997000C3550 /* Debug */,
				B61467861A408997000C3550 /* Release */,
			);
			defaultConfigurationIsVisible = 0;
			defaultConfigurationName = Release;
		};
/* End XCConfigurationList section */
	};
	rootObject = B61467561A408996000C3550 /* Project object */;
}
